// !$*UTF8*$!
{
	archiveVersion = 1;
	classes = {
	};
	objectVersion = 46;
	objects = {

/* Begin PBXBuildFile section */
		2F7012EA1F4DDFF600114B4D /* AppDelegate.swift in Sources */ = {isa = PBXBuildFile; fileRef = 2F7012E91F4DDFF600114B4D /* AppDelegate.swift */; };
		2F7012EC1F4DDFF600114B4D /* ViewController.swift in Sources */ = {isa = PBXBuildFile; fileRef = 2F7012EB1F4DDFF600114B4D /* ViewController.swift */; };
		2F7012EF1F4DDFF600114B4D /* Main.storyboard in Resources */ = {isa = PBXBuildFile; fileRef = 2F7012ED1F4DDFF600114B4D /* Main.storyboard */; };
		2F7012F11F4DDFF600114B4D /* Assets.xcassets in Resources */ = {isa = PBXBuildFile; fileRef = 2F7012F01F4DDFF600114B4D /* Assets.xcassets */; };
		2F7012F41F4DDFF600114B4D /* LaunchScreen.storyboard in Resources */ = {isa = PBXBuildFile; fileRef = 2F7012F21F4DDFF600114B4D /* LaunchScreen.storyboard */; };
		2F7012FF1F4DDFF600114B4D /* QuizTests.swift in Sources */ = {isa = PBXBuildFile; fileRef = 2F7012FE1F4DDFF600114B4D /* QuizTests.swift */; };
		2F70130A1F4DDFF600114B4D /* QuizUITests.swift in Sources */ = {isa = PBXBuildFile; fileRef = 2F7013091F4DDFF600114B4D /* QuizUITests.swift */; };
/* End PBXBuildFile section */

/* Begin PBXContainerItemProxy section */
		2F7012FB1F4DDFF600114B4D /* PBXContainerItemProxy */ = {
			isa = PBXContainerItemProxy;
			containerPortal = 2F7012DE1F4DDFF500114B4D /* Project object */;
			proxyType = 1;
			remoteGlobalIDString = 2F7012E51F4DDFF500114B4D;
			remoteInfo = Quiz;
		};
		2F7013061F4DDFF600114B4D /* PBXContainerItemProxy */ = {
			isa = PBXContainerItemProxy;
			containerPortal = 2F7012DE1F4DDFF500114B4D /* Project object */;
			proxyType = 1;
			remoteGlobalIDString = 2F7012E51F4DDFF500114B4D;
			remoteInfo = Quiz;
		};
/* End PBXContainerItemProxy section */

/* Begin PBXFileReference section */
		2F7012E61F4DDFF600114B4D /* Quiz.app */ = {isa = PBXFileReference; explicitFileType = wrapper.application; includeInIndex = 0; path = Quiz.app; sourceTree = BUILT_PRODUCTS_DIR; };
		2F7012E91F4DDFF600114B4D /* AppDelegate.swift */ = {isa = PBXFileReference; lastKnownFileType = sourcecode.swift; path = AppDelegate.swift; sourceTree = "<group>"; };
		2F7012EB1F4DDFF600114B4D /* ViewController.swift */ = {isa = PBXFileReference; lastKnownFileType = sourcecode.swift; path = ViewController.swift; sourceTree = "<group>"; };
		2F7012EE1F4DDFF600114B4D /* Base */ = {isa = PBXFileReference; lastKnownFileType = file.storyboard; name = Base; path = Base.lproj/Main.storyboard; sourceTree = "<group>"; };
		2F7012F01F4DDFF600114B4D /* Assets.xcassets */ = {isa = PBXFileReference; lastKnownFileType = folder.assetcatalog; path = Assets.xcassets; sourceTree = "<group>"; };
		2F7012F31F4DDFF600114B4D /* Base */ = {isa = PBXFileReference; lastKnownFileType = file.storyboard; name = Base; path = Base.lproj/LaunchScreen.storyboard; sourceTree = "<group>"; };
		2F7012F51F4DDFF600114B4D /* Info.plist */ = {isa = PBXFileReference; lastKnownFileType = text.plist.xml; path = Info.plist; sourceTree = "<group>"; };
		2F7012FA1F4DDFF600114B4D /* QuizTests.xctest */ = {isa = PBXFileReference; explicitFileType = wrapper.cfbundle; includeInIndex = 0; path = QuizTests.xctest; sourceTree = BUILT_PRODUCTS_DIR; };
		2F7012FE1F4DDFF600114B4D /* QuizTests.swift */ = {isa = PBXFileReference; lastKnownFileType = sourcecode.swift; path = QuizTests.swift; sourceTree = "<group>"; };
		2F7013001F4DDFF600114B4D /* Info.plist */ = {isa = PBXFileReference; lastKnownFileType = text.plist.xml; path = Info.plist; sourceTree = "<group>"; };
		2F7013051F4DDFF600114B4D /* QuizUITests.xctest */ = {isa = PBXFileReference; explicitFileType = wrapper.cfbundle; includeInIndex = 0; path = QuizUITests.xctest; sourceTree = BUILT_PRODUCTS_DIR; };
		2F7013091F4DDFF600114B4D /* QuizUITests.swift */ = {isa = PBXFileReference; lastKnownFileType = sourcecode.swift; path = QuizUITests.swift; sourceTree = "<group>"; };
		2F70130B1F4DDFF600114B4D /* Info.plist */ = {isa = PBXFileReference; lastKnownFileType = text.plist.xml; path = Info.plist; sourceTree = "<group>"; };
/* End PBXFileReference section */

/* Begin PBXFrameworksBuildPhase section */
		2F7012E31F4DDFF500114B4D /* Frameworks */ = {
			isa = PBXFrameworksBuildPhase;
			buildActionMask = 2147483647;
			files = (
			);
			runOnlyForDeploymentPostprocessing = 0;
		};
		2F7012F71F4DDFF600114B4D /* Frameworks */ = {
			isa = PBXFrameworksBuildPhase;
			buildActionMask = 2147483647;
			files = (
			);
			runOnlyForDeploymentPostprocessing = 0;
		};
		2F7013021F4DDFF600114B4D /* Frameworks */ = {
			isa = PBXFrameworksBuildPhase;
			buildActionMask = 2147483647;
			files = (
			);
			runOnlyForDeploymentPostprocessing = 0;
		};
/* End PBXFrameworksBuildPhase section */

/* Begin PBXGroup section */
		2F7012DD1F4DDFF500114B4D = {
			isa = PBXGroup;
			children = (
				2F7012E81F4DDFF600114B4D /* Quiz */,
				2F7012FD1F4DDFF600114B4D /* QuizTests */,
				2F7013081F4DDFF600114B4D /* QuizUITests */,
				2F7012E71F4DDFF600114B4D /* Products */,
			);
			sourceTree = "<group>";
		};
		2F7012E71F4DDFF600114B4D /* Products */ = {
			isa = PBXGroup;
			children = (
				2F7012E61F4DDFF600114B4D /* Quiz.app */,
				2F7012FA1F4DDFF600114B4D /* QuizTests.xctest */,
				2F7013051F4DDFF600114B4D /* QuizUITests.xctest */,
			);
			name = Products;
			sourceTree = "<group>";
		};
		2F7012E81F4DDFF600114B4D /* Quiz */ = {
			isa = PBXGroup;
			children = (
				2F7012E91F4DDFF600114B4D /* AppDelegate.swift */,
				2F7012EB1F4DDFF600114B4D /* ViewController.swift */,
				2F7012ED1F4DDFF600114B4D /* Main.storyboard */,
				2F7012F01F4DDFF600114B4D /* Assets.xcassets */,
				2F7012F21F4DDFF600114B4D /* LaunchScreen.storyboard */,
				2F7012F51F4DDFF600114B4D /* Info.plist */,
			);
			path = Quiz;
			sourceTree = "<group>";
		};
		2F7012FD1F4DDFF600114B4D /* QuizTests */ = {
			isa = PBXGroup;
			children = (
				2F7012FE1F4DDFF600114B4D /* QuizTests.swift */,
				2F7013001F4DDFF600114B4D /* Info.plist */,
			);
			path = QuizTests;
			sourceTree = "<group>";
		};
		2F7013081F4DDFF600114B4D /* QuizUITests */ = {
			isa = PBXGroup;
			children = (
				2F7013091F4DDFF600114B4D /* QuizUITests.swift */,
				2F70130B1F4DDFF600114B4D /* Info.plist */,
			);
			path = QuizUITests;
			sourceTree = "<group>";
		};
/* End PBXGroup section */

/* Begin PBXNativeTarget section */
		2F7012E51F4DDFF500114B4D /* Quiz */ = {
			isa = PBXNativeTarget;
			buildConfigurationList = 2F70130E1F4DDFF600114B4D /* Build configuration list for PBXNativeTarget "Quiz" */;
			buildPhases = (
				2F7012E21F4DDFF500114B4D /* Sources */,
				2F7012E31F4DDFF500114B4D /* Frameworks */,
				2F7012E41F4DDFF500114B4D /* Resources */,
			);
			buildRules = (
			);
			dependencies = (
			);
			name = Quiz;
			productName = Quiz;
			productReference = 2F7012E61F4DDFF600114B4D /* Quiz.app */;
			productType = "com.apple.product-type.application";
		};
		2F7012F91F4DDFF600114B4D /* QuizTests */ = {
			isa = PBXNativeTarget;
			buildConfigurationList = 2F7013111F4DDFF600114B4D /* Build configuration list for PBXNativeTarget "QuizTests" */;
			buildPhases = (
				2F7012F61F4DDFF600114B4D /* Sources */,
				2F7012F71F4DDFF600114B4D /* Frameworks */,
				2F7012F81F4DDFF600114B4D /* Resources */,
			);
			buildRules = (
			);
			dependencies = (
				2F7012FC1F4DDFF600114B4D /* PBXTargetDependency */,
			);
			name = QuizTests;
			productName = QuizTests;
			productReference = 2F7012FA1F4DDFF600114B4D /* QuizTests.xctest */;
			productType = "com.apple.product-type.bundle.unit-test";
		};
		2F7013041F4DDFF600114B4D /* QuizUITests */ = {
			isa = PBXNativeTarget;
			buildConfigurationList = 2F7013141F4DDFF600114B4D /* Build configuration list for PBXNativeTarget "QuizUITests" */;
			buildPhases = (
				2F7013011F4DDFF600114B4D /* Sources */,
				2F7013021F4DDFF600114B4D /* Frameworks */,
				2F7013031F4DDFF600114B4D /* Resources */,
			);
			buildRules = (
			);
			dependencies = (
				2F7013071F4DDFF600114B4D /* PBXTargetDependency */,
			);
			name = QuizUITests;
			productName = QuizUITests;
			productReference = 2F7013051F4DDFF600114B4D /* QuizUITests.xctest */;
			productType = "com.apple.product-type.bundle.ui-testing";
		};
/* End PBXNativeTarget section */

/* Begin PBXProject section */
		2F7012DE1F4DDFF500114B4D /* Project object */ = {
			isa = PBXProject;
			attributes = {
				LastSwiftUpdateCheck = 0830;
				LastUpgradeCheck = 0830;
				ORGANIZATIONNAME = tstick;
				TargetAttributes = {
					2F7012E51F4DDFF500114B4D = {
						CreatedOnToolsVersion = 8.3.3;
						ProvisioningStyle = Automatic;
					};
					2F7012F91F4DDFF600114B4D = {
						CreatedOnToolsVersion = 8.3.3;
						ProvisioningStyle = Automatic;
						TestTargetID = 2F7012E51F4DDFF500114B4D;
					};
					2F7013041F4DDFF600114B4D = {
						CreatedOnToolsVersion = 8.3.3;
						ProvisioningStyle = Automatic;
						TestTargetID = 2F7012E51F4DDFF500114B4D;
					};
				};
			};
			buildConfigurationList = 2F7012E11F4DDFF500114B4D /* Build configuration list for PBXProject "Quiz" */;
			compatibilityVersion = "Xcode 3.2";
			developmentRegion = English;
			hasScannedForEncodings = 0;
			knownRegions = (
				en,
				Base,
			);
			mainGroup = 2F7012DD1F4DDFF500114B4D;
			productRefGroup = 2F7012E71F4DDFF600114B4D /* Products */;
			projectDirPath = "";
			projectRoot = "";
			targets = (
				2F7012E51F4DDFF500114B4D /* Quiz */,
				2F7012F91F4DDFF600114B4D /* QuizTests */,
				2F7013041F4DDFF600114B4D /* QuizUITests */,
			);
		};
/* End PBXProject section */

/* Begin PBXResourcesBuildPhase section */
		2F7012E41F4DDFF500114B4D /* Resources */ = {
			isa = PBXResourcesBuildPhase;
			buildActionMask = 2147483647;
			files = (
				2F7012F41F4DDFF600114B4D /* LaunchScreen.storyboard in Resources */,
				2F7012F11F4DDFF600114B4D /* Assets.xcassets in Resources */,
				2F7012EF1F4DDFF600114B4D /* Main.storyboard in Resources */,
			);
			runOnlyForDeploymentPostprocessing = 0;
		};
		2F7012F81F4DDFF600114B4D /* Resources */ = {
			isa = PBXResourcesBuildPhase;
			buildActionMask = 2147483647;
			files = (
			);
			runOnlyForDeploymentPostprocessing = 0;
		};
		2F7013031F4DDFF600114B4D /* Resources */ = {
			isa = PBXResourcesBuildPhase;
			buildActionMask = 2147483647;
			files = (
			);
			runOnlyForDeploymentPostprocessing = 0;
		};
/* End PBXResourcesBuildPhase section */

/* Begin PBXSourcesBuildPhase section */
		2F7012E21F4DDFF500114B4D /* Sources */ = {
			isa = PBXSourcesBuildPhase;
			buildActionMask = 2147483647;
			files = (
				2F7012EC1F4DDFF600114B4D /* ViewController.swift in Sources */,
				2F7012EA1F4DDFF600114B4D /* AppDelegate.swift in Sources */,
			);
			runOnlyForDeploymentPostprocessing = 0;
		};
		2F7012F61F4DDFF600114B4D /* Sources */ = {
			isa = PBXSourcesBuildPhase;
			buildActionMask = 2147483647;
			files = (
				2F7012FF1F4DDFF600114B4D /* QuizTests.swift in Sources */,
			);
			runOnlyForDeploymentPostprocessing = 0;
		};
		2F7013011F4DDFF600114B4D /* Sources */ = {
			isa = PBXSourcesBuildPhase;
			buildActionMask = 2147483647;
			files = (
				2F70130A1F4DDFF600114B4D /* QuizUITests.swift in Sources */,
			);
			runOnlyForDeploymentPostprocessing = 0;
		};
/* End PBXSourcesBuildPhase section */

/* Begin PBXTargetDependency section */
		2F7012FC1F4DDFF600114B4D /* PBXTargetDependency */ = {
			isa = PBXTargetDependency;
			target = 2F7012E51F4DDFF500114B4D /* Quiz */;
			targetProxy = 2F7012FB1F4DDFF600114B4D /* PBXContainerItemProxy */;
		};
		2F7013071F4DDFF600114B4D /* PBXTargetDependency */ = {
			isa = PBXTargetDependency;
			target = 2F7012E51F4DDFF500114B4D /* Quiz */;
			targetProxy = 2F7013061F4DDFF600114B4D /* PBXContainerItemProxy */;
		};
/* End PBXTargetDependency section */

/* Begin PBXVariantGroup section */
		2F7012ED1F4DDFF600114B4D /* Main.storyboard */ = {
			isa = PBXVariantGroup;
			children = (
				2F7012EE1F4DDFF600114B4D /* Base */,
			);
			name = Main.storyboard;
			sourceTree = "<group>";
		};
		2F7012F21F4DDFF600114B4D /* LaunchScreen.storyboard */ = {
			isa = PBXVariantGroup;
			children = (
				2F7012F31F4DDFF600114B4D /* Base */,
			);
			name = LaunchScreen.storyboard;
			sourceTree = "<group>";
		};
/* End PBXVariantGroup section */

/* Begin XCBuildConfiguration section */
		2F70130C1F4DDFF600114B4D /* Debug */ = {
			isa = XCBuildConfiguration;
			buildSettings = {
				ALWAYS_SEARCH_USER_PATHS = NO;
				CLANG_ANALYZER_NONNULL = YES;
				CLANG_ANALYZER_NUMBER_OBJECT_CONVERSION = YES_AGGRESSIVE;
				CLANG_CXX_LANGUAGE_STANDARD = "gnu++0x";
				CLANG_CXX_LIBRARY = "libc++";
				CLANG_ENABLE_MODULES = YES;
				CLANG_ENABLE_OBJC_ARC = YES;
				CLANG_WARN_BOOL_CONVERSION = YES;
				CLANG_WARN_CONSTANT_CONVERSION = YES;
				CLANG_WARN_DIRECT_OBJC_ISA_USAGE = YES_ERROR;
				CLANG_WARN_DOCUMENTATION_COMMENTS = YES;
				CLANG_WARN_EMPTY_BODY = YES;
				CLANG_WARN_ENUM_CONVERSION = YES;
				CLANG_WARN_INFINITE_RECURSION = YES;
				CLANG_WARN_INT_CONVERSION = YES;
				CLANG_WARN_OBJC_ROOT_CLASS = YES_ERROR;
				CLANG_WARN_SUSPICIOUS_MOVE = YES;
				CLANG_WARN_UNREACHABLE_CODE = YES;
				CLANG_WARN__DUPLICATE_METHOD_MATCH = YES;
				"CODE_SIGN_IDENTITY[sdk=iphoneos*]" = "iPhone Developer";
				COPY_PHASE_STRIP = NO;
				DEBUG_INFORMATION_FORMAT = dwarf;
				ENABLE_STRICT_OBJC_MSGSEND = YES;
				ENABLE_TESTABILITY = YES;
				GCC_C_LANGUAGE_STANDARD = gnu99;
				GCC_DYNAMIC_NO_PIC = NO;
				GCC_NO_COMMON_BLOCKS = YES;
				GCC_OPTIMIZATION_LEVEL = 0;
				GCC_PREPROCESSOR_DEFINITIONS = (
					"DEBUG=1",
					"$(inherited)",
				);
				GCC_WARN_64_TO_32_BIT_CONVERSION = YES;
				GCC_WARN_ABOUT_RETURN_TYPE = YES_ERROR;
				GCC_WARN_UNDECLARED_SELECTOR = YES;
				GCC_WARN_UNINITIALIZED_AUTOS = YES_AGGRESSIVE;
				GCC_WARN_UNUSED_FUNCTION = YES;
				GCC_WARN_UNUSED_VARIABLE = YES;
				IPHONEOS_DEPLOYMENT_TARGET = 10.3;
				MTL_ENABLE_DEBUG_INFO = YES;
				ONLY_ACTIVE_ARCH = YES;
				SDKROOT = iphoneos;
				SWIFT_ACTIVE_COMPILATION_CONDITIONS = DEBUG;
				SWIFT_OPTIMIZATION_LEVEL = "-Onone";
				TARGETED_DEVICE_FAMILY = "1,2";
			};
			name = Debug;
		};
		2F70130D1F4DDFF600114B4D /* Release */ = {
			isa = XCBuildConfiguration;
			buildSettings = {
				ALWAYS_SEARCH_USER_PATHS = NO;
				CLANG_ANALYZER_NONNULL = YES;
				CLANG_ANALYZER_NUMBER_OBJECT_CONVERSION = YES_AGGRESSIVE;
				CLANG_CXX_LANGUAGE_STANDARD = "gnu++0x";
				CLANG_CXX_LIBRARY = "libc++";
				CLANG_ENABLE_MODULES = YES;
				CLANG_ENABLE_OBJC_ARC = YES;
				CLANG_WARN_BOOL_CONVERSION = YES;
				CLANG_WARN_CONSTANT_CONVERSION = YES;
				CLANG_WARN_DIRECT_OBJC_ISA_USAGE = YES_ERROR;
				CLANG_WARN_DOCUMENTATION_COMMENTS = YES;
				CLANG_WARN_EMPTY_BODY = YES;
				CLANG_WARN_ENUM_CONVERSION = YES;
				CLANG_WARN_INFINITE_RECURSION = YES;
				CLANG_WARN_INT_CONVERSION = YES;
				CLANG_WARN_OBJC_ROOT_CLASS = YES_ERROR;
				CLANG_WARN_SUSPICIOUS_MOVE = YES;
				CLANG_WARN_UNREACHABLE_CODE = YES;
				CLANG_WARN__DUPLICATE_METHOD_MATCH = YES;
				"CODE_SIGN_IDENTITY[sdk=iphoneos*]" = "iPhone Developer";
				COPY_PHASE_STRIP = NO;
				DEBUG_INFORMATION_FORMAT = "dwarf-with-dsym";
				ENABLE_NS_ASSERTIONS = NO;
				ENABLE_STRICT_OBJC_MSGSEND = YES;
				GCC_C_LANGUAGE_STANDARD = gnu99;
				GCC_NO_COMMON_BLOCKS = YES;
				GCC_WARN_64_TO_32_BIT_CONVERSION = YES;
				GCC_WARN_ABOUT_RETURN_TYPE = YES_ERROR;
				GCC_WARN_UNDECLARED_SELECTOR = YES;
				GCC_WARN_UNINITIALIZED_AUTOS = YES_AGGRESSIVE;
				GCC_WARN_UNUSED_FUNCTION = YES;
				GCC_WARN_UNUSED_VARIABLE = YES;
				IPHONEOS_DEPLOYMENT_TARGET = 10.3;
				MTL_ENABLE_DEBUG_INFO = NO;
				SDKROOT = iphoneos;
				SWIFT_OPTIMIZATION_LEVEL = "-Owholemodule";
				TARGETED_DEVICE_FAMILY = "1,2";
				VALIDATE_PRODUCT = YES;
			};
			name = Release;
		};
		2F70130F1F4DDFF600114B4D /* Debug */ = {
			isa = XCBuildConfiguration;
			buildSettings = {
				ASSETCATALOG_COMPILER_APPICON_NAME = AppIcon;
				INFOPLIST_FILE = Quiz/Info.plist;
				LD_RUNPATH_SEARCH_PATHS = "$(inherited) @executable_path/Frameworks";
				PRODUCT_BUNDLE_IDENTIFIER = com.tstick.Quiz;
				PRODUCT_NAME = "$(TARGET_NAME)";
				SWIFT_VERSION = 3.0;
			};
			name = Debug;
		};
		2F7013101F4DDFF600114B4D /* Release */ = {
			isa = XCBuildConfiguration;
			buildSettings = {
				ASSETCATALOG_COMPILER_APPICON_NAME = AppIcon;
				INFOPLIST_FILE = Quiz/Info.plist;
				LD_RUNPATH_SEARCH_PATHS = "$(inherited) @executable_path/Frameworks";
				PRODUCT_BUNDLE_IDENTIFIER = com.tstick.Quiz;
				PRODUCT_NAME = "$(TARGET_NAME)";
				SWIFT_VERSION = 3.0;
			};
			name = Release;
		};
		2F7013121F4DDFF600114B4D /* Debug */ = {
			isa = XCBuildConfiguration;
			buildSettings = {
				ALWAYS_EMBED_SWIFT_STANDARD_LIBRARIES = YES;
				BUNDLE_LOADER = "$(TEST_HOST)";
				INFOPLIST_FILE = QuizTests/Info.plist;
				LD_RUNPATH_SEARCH_PATHS = "$(inherited) @executable_path/Frameworks @loader_path/Frameworks";
				PRODUCT_BUNDLE_IDENTIFIER = com.tstick.QuizTests;
				PRODUCT_NAME = "$(TARGET_NAME)";
				SWIFT_VERSION = 3.0;
				TEST_HOST = "$(BUILT_PRODUCTS_DIR)/Quiz.app/Quiz";
			};
			name = Debug;
		};
		2F7013131F4DDFF600114B4D /* Release */ = {
			isa = XCBuildConfiguration;
			buildSettings = {
				ALWAYS_EMBED_SWIFT_STANDARD_LIBRARIES = YES;
				BUNDLE_LOADER = "$(TEST_HOST)";
				INFOPLIST_FILE = QuizTests/Info.plist;
				LD_RUNPATH_SEARCH_PATHS = "$(inherited) @executable_path/Frameworks @loader_path/Frameworks";
				PRODUCT_BUNDLE_IDENTIFIER = com.tstick.QuizTests;
				PRODUCT_NAME = "$(TARGET_NAME)";
				SWIFT_VERSION = 3.0;
				TEST_HOST = "$(BUILT_PRODUCTS_DIR)/Quiz.app/Quiz";
			};
			name = Release;
		};
		2F7013151F4DDFF600114B4D /* Debug */ = {
			isa = XCBuildConfiguration;
			buildSettings = {
				ALWAYS_EMBED_SWIFT_STANDARD_LIBRARIES = YES;
				INFOPLIST_FILE = QuizUITests/Info.plist;
				LD_RUNPATH_SEARCH_PATHS = "$(inherited) @executable_path/Frameworks @loader_path/Frameworks";
				PRODUCT_BUNDLE_IDENTIFIER = com.tstick.QuizUITests;
				PRODUCT_NAME = "$(TARGET_NAME)";
				SWIFT_VERSION = 3.0;
				TEST_TARGET_NAME = Quiz;
			};
			name = Debug;
		};
		2F7013161F4DDFF600114B4D /* Release */ = {
			isa = XCBuildConfiguration;
			buildSettings = {
				ALWAYS_EMBED_SWIFT_STANDARD_LIBRARIES = YES;
				INFOPLIST_FILE = QuizUITests/Info.plist;
				LD_RUNPATH_SEARCH_PATHS = "$(inherited) @executable_path/Frameworks @loader_path/Frameworks";
				PRODUCT_BUNDLE_IDENTIFIER = com.tstick.QuizUITests;
				PRODUCT_NAME = "$(TARGET_NAME)";
				SWIFT_VERSION = 3.0;
				TEST_TARGET_NAME = Quiz;
			};
			name = Release;
		};
/* End XCBuildConfiguration section */

/* Begin XCConfigurationList section */
		2F7012E11F4DDFF500114B4D /* Build configuration list for PBXProject "Quiz" */ = {
			isa = XCConfigurationList;
			buildConfigurations = (
				2F70130C1F4DDFF600114B4D /* Debug */,
				2F70130D1F4DDFF600114B4D /* Release */,
			);
			defaultConfigurationIsVisible = 0;
			defaultConfigurationName = Release;
		};
		2F70130E1F4DDFF600114B4D /* Build configuration list for PBXNativeTarget "Quiz" */ = {
			isa = XCConfigurationList;
			buildConfigurations = (
				2F70130F1F4DDFF600114B4D /* Debug */,
				2F7013101F4DDFF600114B4D /* Release */,
			);
			defaultConfigurationIsVisible = 0;
		};
		2F7013111F4DDFF600114B4D /* Build configuration list for PBXNativeTarget "QuizTests" */ = {
			isa = XCConfigurationList;
			buildConfigurations = (
				2F7013121F4DDFF600114B4D /* Debug */,
				2F7013131F4DDFF600114B4D /* Release */,
			);
			defaultConfigurationIsVisible = 0;
		};
		2F7013141F4DDFF600114B4D /* Build configuration list for PBXNativeTarget "QuizUITests" */ = {
			isa = XCConfigurationList;
			buildConfigurations = (
				2F7013151F4DDFF600114B4D /* Debug */,
				2F7013161F4DDFF600114B4D /* Release */,
			);
			defaultConfigurationIsVisible = 0;
		};
/* End XCConfigurationList section */
	};
	rootObject = 2F7012DE1F4DDFF500114B4D /* Project object */;
}
